
Microsoft Visual Studio Solution File, Format Version 12.00
# Visual Studio Version 16
VisualStudioVersion = 16.0.30002.166
MinimumVisualStudioVersion = 10.0.40219.1
Project("{FAE04EC0-301F-11D3-BF4B-00C04F79EFBC}") = "ExemDesignPattern", "ExemDesignPattern\ExemDesignPattern.csproj", "{D75272E2-C541-44FA-B90B-63347B41CB16}"
EndProject
Global
	GlobalSection(SolutionConfigurationPlatforms) = preSolution
		Debug|Any CPU = Debug|Any CPU
		Release|Any CPU = Release|Any CPU
	EndGlobalSection
	GlobalSection(ProjectConfigurationPlatforms) = postSolution
		{D75272E2-C541-44FA-B90B-63347B41CB16}.Debug|Any CPU.ActiveCfg = Debug|Any CPU
		{D75272E2-C541-44FA-B90B-63347B41CB16}.Debug|Any CPU.Build.0 = Debug|Any CPU
		{D75272E2-C541-44FA-B90B-63347B41CB16}.Release|Any CPU.ActiveCfg = Release|Any CPU
		{D75272E2-C541-44FA-B90B-63347B41CB16}.Release|Any CPU.Build.0 = Release|Any CPU
	EndGlobalSection
	GlobalSection(SolutionProperties) = preSolution
		HideSolutionNode = FALSE
	EndGlobalSection
	GlobalSection(ExtensibilityGlobals) = postSolution
		SolutionGuid = {A5DA7E3A-B1CC-4304-BF65-A0D08DC85262}
	EndGlobalSection
EndGlobal
